// !$*UTF8*$!
{
	archiveVersion = 1;
	classes = {
	};
	objectVersion = 46;
	objects = {

/* Begin PBXAggregateTarget section */
		5B85EBF814F92D5800032B9C /* RedmineKitLib-universal */ = {
			isa = PBXAggregateTarget;
			buildConfigurationList = 5B85EBF914F92D5800032B9C /* Build configuration list for PBXAggregateTarget "RedmineKitLib-universal" */;
			buildPhases = (
				5B85EBFC14F92D6F00032B9C /* ShellScript */,
				5B3F162C14FB4F0D00411B0C /* CopyFiles */,
			);
			dependencies = (
				5B17FDCB14FA01C700272251 /* PBXTargetDependency */,
				5B17FDCE14FA032300272251 /* PBXTargetDependency */,
			);
			name = "RedmineKitLib-universal";
			productName = "RedmineKitLib-Universal";
		};
/* End PBXAggregateTarget section */

/* Begin PBXBuildFile section */
		5B3F156C14FB479C00411B0C /* RedmineKit.h in Headers */ = {isa = PBXBuildFile; fileRef = 5B3F155914FB479C00411B0C /* RedmineKit.h */; };
		5B3F156D14FB479C00411B0C /* RedmineKit.h in Headers */ = {isa = PBXBuildFile; fileRef = 5B3F155914FB479C00411B0C /* RedmineKit.h */; };
		5B3F156E14FB479C00411B0C /* RKIssue.h in Headers */ = {isa = PBXBuildFile; fileRef = 5B3F155A14FB479C00411B0C /* RKIssue.h */; };
		5B3F156F14FB479C00411B0C /* RKIssue.h in Headers */ = {isa = PBXBuildFile; fileRef = 5B3F155A14FB479C00411B0C /* RKIssue.h */; };
		5B3F157014FB479C00411B0C /* RKIssue.m in Sources */ = {isa = PBXBuildFile; fileRef = 5B3F155B14FB479C00411B0C /* RKIssue.m */; };
		5B3F157114FB479C00411B0C /* RKIssue.m in Sources */ = {isa = PBXBuildFile; fileRef = 5B3F155B14FB479C00411B0C /* RKIssue.m */; };
		5B3F157214FB479C00411B0C /* RKIssue.m in Sources */ = {isa = PBXBuildFile; fileRef = 5B3F155B14FB479C00411B0C /* RKIssue.m */; };
		5B3F157314FB479C00411B0C /* RKIssueOptions.h in Headers */ = {isa = PBXBuildFile; fileRef = 5B3F155C14FB479C00411B0C /* RKIssueOptions.h */; };
		5B3F157414FB479C00411B0C /* RKIssueOptions.h in Headers */ = {isa = PBXBuildFile; fileRef = 5B3F155C14FB479C00411B0C /* RKIssueOptions.h */; };
		5B3F157514FB479C00411B0C /* RKIssueOptions.m in Sources */ = {isa = PBXBuildFile; fileRef = 5B3F155D14FB479C00411B0C /* RKIssueOptions.m */; };
		5B3F157614FB479C00411B0C /* RKIssueOptions.m in Sources */ = {isa = PBXBuildFile; fileRef = 5B3F155D14FB479C00411B0C /* RKIssueOptions.m */; };
		5B3F157714FB479C00411B0C /* RKIssueOptions.m in Sources */ = {isa = PBXBuildFile; fileRef = 5B3F155D14FB479C00411B0C /* RKIssueOptions.m */; };
		5B3F157814FB479C00411B0C /* RKJournal.h in Headers */ = {isa = PBXBuildFile; fileRef = 5B3F155E14FB479C00411B0C /* RKJournal.h */; };
		5B3F157914FB479C00411B0C /* RKJournal.h in Headers */ = {isa = PBXBuildFile; fileRef = 5B3F155E14FB479C00411B0C /* RKJournal.h */; };
		5B3F157A14FB479C00411B0C /* RKJournal.m in Sources */ = {isa = PBXBuildFile; fileRef = 5B3F155F14FB479C00411B0C /* RKJournal.m */; };
		5B3F157B14FB479C00411B0C /* RKJournal.m in Sources */ = {isa = PBXBuildFile; fileRef = 5B3F155F14FB479C00411B0C /* RKJournal.m */; };
		5B3F157C14FB479C00411B0C /* RKJournal.m in Sources */ = {isa = PBXBuildFile; fileRef = 5B3F155F14FB479C00411B0C /* RKJournal.m */; };
		5B3F157D14FB479C00411B0C /* RKJournalDetail.h in Headers */ = {isa = PBXBuildFile; fileRef = 5B3F156014FB479C00411B0C /* RKJournalDetail.h */; };
		5B3F157E14FB479C00411B0C /* RKJournalDetail.h in Headers */ = {isa = PBXBuildFile; fileRef = 5B3F156014FB479C00411B0C /* RKJournalDetail.h */; };
		5B3F157F14FB479C00411B0C /* RKJournalDetail.m in Sources */ = {isa = PBXBuildFile; fileRef = 5B3F156114FB479C00411B0C /* RKJournalDetail.m */; };
		5B3F158014FB479C00411B0C /* RKJournalDetail.m in Sources */ = {isa = PBXBuildFile; fileRef = 5B3F156114FB479C00411B0C /* RKJournalDetail.m */; };
		5B3F158114FB479C00411B0C /* RKJournalDetail.m in Sources */ = {isa = PBXBuildFile; fileRef = 5B3F156114FB479C00411B0C /* RKJournalDetail.m */; };
		5B3F158214FB479C00411B0C /* RKParseHelper.h in Headers */ = {isa = PBXBuildFile; fileRef = 5B3F156214FB479C00411B0C /* RKParseHelper.h */; };
		5B3F158314FB479C00411B0C /* RKParseHelper.h in Headers */ = {isa = PBXBuildFile; fileRef = 5B3F156214FB479C00411B0C /* RKParseHelper.h */; };
		5B3F158414FB479C00411B0C /* RKParseHelper.m in Sources */ = {isa = PBXBuildFile; fileRef = 5B3F156314FB479C00411B0C /* RKParseHelper.m */; };
		5B3F158514FB479C00411B0C /* RKParseHelper.m in Sources */ = {isa = PBXBuildFile; fileRef = 5B3F156314FB479C00411B0C /* RKParseHelper.m */; };
		5B3F158614FB479C00411B0C /* RKParseHelper.m in Sources */ = {isa = PBXBuildFile; fileRef = 5B3F156314FB479C00411B0C /* RKParseHelper.m */; };
		5B3F158714FB479C00411B0C /* RKProject.h in Headers */ = {isa = PBXBuildFile; fileRef = 5B3F156414FB479C00411B0C /* RKProject.h */; };
		5B3F158814FB479C00411B0C /* RKProject.h in Headers */ = {isa = PBXBuildFile; fileRef = 5B3F156414FB479C00411B0C /* RKProject.h */; };
		5B3F158914FB479C00411B0C /* RKProject.m in Sources */ = {isa = PBXBuildFile; fileRef = 5B3F156514FB479C00411B0C /* RKProject.m */; };
		5B3F158A14FB479C00411B0C /* RKProject.m in Sources */ = {isa = PBXBuildFile; fileRef = 5B3F156514FB479C00411B0C /* RKProject.m */; };
		5B3F158B14FB479C00411B0C /* RKProject.m in Sources */ = {isa = PBXBuildFile; fileRef = 5B3F156514FB479C00411B0C /* RKProject.m */; };
		5B3F158C14FB479C00411B0C /* RKRedmine.h in Headers */ = {isa = PBXBuildFile; fileRef = 5B3F156614FB479C00411B0C /* RKRedmine.h */; };
		5B3F158D14FB479C00411B0C /* RKRedmine.h in Headers */ = {isa = PBXBuildFile; fileRef = 5B3F156614FB479C00411B0C /* RKRedmine.h */; };
		5B3F158E14FB479C00411B0C /* RKRedmine.m in Sources */ = {isa = PBXBuildFile; fileRef = 5B3F156714FB479C00411B0C /* RKRedmine.m */; };
		5B3F158F14FB479C00411B0C /* RKRedmine.m in Sources */ = {isa = PBXBuildFile; fileRef = 5B3F156714FB479C00411B0C /* RKRedmine.m */; };
		5B3F159014FB479C00411B0C /* RKRedmine.m in Sources */ = {isa = PBXBuildFile; fileRef = 5B3F156714FB479C00411B0C /* RKRedmine.m */; };
		5B3F159114FB479C00411B0C /* RKTimeEntry.h in Headers */ = {isa = PBXBuildFile; fileRef = 5B3F156814FB479C00411B0C /* RKTimeEntry.h */; };
		5B3F159214FB479C00411B0C /* RKTimeEntry.h in Headers */ = {isa = PBXBuildFile; fileRef = 5B3F156814FB479C00411B0C /* RKTimeEntry.h */; };
		5B3F159314FB479C00411B0C /* RKTimeEntry.m in Sources */ = {isa = PBXBuildFile; fileRef = 5B3F156914FB479C00411B0C /* RKTimeEntry.m */; };
		5B3F159414FB479C00411B0C /* RKTimeEntry.m in Sources */ = {isa = PBXBuildFile; fileRef = 5B3F156914FB479C00411B0C /* RKTimeEntry.m */; };
		5B3F159514FB479C00411B0C /* RKTimeEntry.m in Sources */ = {isa = PBXBuildFile; fileRef = 5B3F156914FB479C00411B0C /* RKTimeEntry.m */; };
		5B3F159614FB479C00411B0C /* RKValue.h in Headers */ = {isa = PBXBuildFile; fileRef = 5B3F156A14FB479C00411B0C /* RKValue.h */; };
		5B3F159714FB479C00411B0C /* RKValue.h in Headers */ = {isa = PBXBuildFile; fileRef = 5B3F156A14FB479C00411B0C /* RKValue.h */; };
		5B3F159814FB479C00411B0C /* RKValue.m in Sources */ = {isa = PBXBuildFile; fileRef = 5B3F156B14FB479C00411B0C /* RKValue.m */; };
		5B3F159914FB479C00411B0C /* RKValue.m in Sources */ = {isa = PBXBuildFile; fileRef = 5B3F156B14FB479C00411B0C /* RKValue.m */; };
		5B3F159A14FB479C00411B0C /* RKValue.m in Sources */ = {isa = PBXBuildFile; fileRef = 5B3F156B14FB479C00411B0C /* RKValue.m */; };
		5B3F162D14FB4F2E00411B0C /* RedmineKit.h in CopyFiles */ = {isa = PBXBuildFile; fileRef = 5B3F155914FB479C00411B0C /* RedmineKit.h */; };
		5B3F162E14FB4F2E00411B0C /* RKIssue.h in CopyFiles */ = {isa = PBXBuildFile; fileRef = 5B3F155A14FB479C00411B0C /* RKIssue.h */; };
		5B3F162F14FB4F2E00411B0C /* RKIssueOptions.h in CopyFiles */ = {isa = PBXBuildFile; fileRef = 5B3F155C14FB479C00411B0C /* RKIssueOptions.h */; };
		5B3F163014FB4F2E00411B0C /* RKJournal.h in CopyFiles */ = {isa = PBXBuildFile; fileRef = 5B3F155E14FB479C00411B0C /* RKJournal.h */; };
		5B3F163114FB4F2E00411B0C /* RKJournalDetail.h in CopyFiles */ = {isa = PBXBuildFile; fileRef = 5B3F156014FB479C00411B0C /* RKJournalDetail.h */; };
		5B3F163214FB4F2E00411B0C /* RKParseHelper.h in CopyFiles */ = {isa = PBXBuildFile; fileRef = 5B3F156214FB479C00411B0C /* RKParseHelper.h */; };
		5B3F163314FB4F2E00411B0C /* RKProject.h in CopyFiles */ = {isa = PBXBuildFile; fileRef = 5B3F156414FB479C00411B0C /* RKProject.h */; };
		5B3F163414FB4F2E00411B0C /* RKRedmine.h in CopyFiles */ = {isa = PBXBuildFile; fileRef = 5B3F156614FB479C00411B0C /* RKRedmine.h */; };
		5B3F163514FB4F2E00411B0C /* RKTimeEntry.h in CopyFiles */ = {isa = PBXBuildFile; fileRef = 5B3F156814FB479C00411B0C /* RKTimeEntry.h */; };
		5B3F163614FB4F2E00411B0C /* RKValue.h in CopyFiles */ = {isa = PBXBuildFile; fileRef = 5B3F156A14FB479C00411B0C /* RKValue.h */; };
		5B56540A147307B600FD2D25 /* UIKit.framework in Frameworks */ = {isa = PBXBuildFile; fileRef = 5B565409147307B600FD2D25 /* UIKit.framework */; };
		5B56540C147307B600FD2D25 /* Foundation.framework in Frameworks */ = {isa = PBXBuildFile; fileRef = 5B56540B147307B600FD2D25 /* Foundation.framework */; };
		5B56540E147307B600FD2D25 /* CoreGraphics.framework in Frameworks */ = {isa = PBXBuildFile; fileRef = 5B56540D147307B600FD2D25 /* CoreGraphics.framework */; };
		5B565414147307B600FD2D25 /* InfoPlist.strings in Resources */ = {isa = PBXBuildFile; fileRef = 5B565412147307B600FD2D25 /* InfoPlist.strings */; };
		5B565416147307B600FD2D25 /* main.m in Sources */ = {isa = PBXBuildFile; fileRef = 5B565415147307B600FD2D25 /* main.m */; };
		5B565422147307B600FD2D25 /* SenTestingKit.framework in Frameworks */ = {isa = PBXBuildFile; fileRef = 5B565421147307B600FD2D25 /* SenTestingKit.framework */; };
		5B565423147307B600FD2D25 /* UIKit.framework in Frameworks */ = {isa = PBXBuildFile; fileRef = 5B565409147307B600FD2D25 /* UIKit.framework */; };
		5B565424147307B600FD2D25 /* Foundation.framework in Frameworks */ = {isa = PBXBuildFile; fileRef = 5B56540B147307B600FD2D25 /* Foundation.framework */; };
		5B56542C147307B600FD2D25 /* InfoPlist.strings in Resources */ = {isa = PBXBuildFile; fileRef = 5B56542A147307B600FD2D25 /* InfoPlist.strings */; };
		5B56542F147307B600FD2D25 /* RedmineKitTests.m in Sources */ = {isa = PBXBuildFile; fileRef = 5B56542E147307B600FD2D25 /* RedmineKitTests.m */; };
		5B56547814733E8500FD2D25 /* libxml2.dylib in Frameworks */ = {isa = PBXBuildFile; fileRef = 5B56547714733E8500FD2D25 /* libxml2.dylib */; };
		5B7C7A4D14FFE1C3006F6932 /* NSObject+SBJson.m in Sources */ = {isa = PBXBuildFile; fileRef = 5B7C7A3514FFE1C3006F6932 /* NSObject+SBJson.m */; };
		5B7C7A4E14FFE1C3006F6932 /* NSObject+SBJson.m in Sources */ = {isa = PBXBuildFile; fileRef = 5B7C7A3514FFE1C3006F6932 /* NSObject+SBJson.m */; };
		5B7C7A4F14FFE1C3006F6932 /* SBJsonParser.m in Sources */ = {isa = PBXBuildFile; fileRef = 5B7C7A3814FFE1C3006F6932 /* SBJsonParser.m */; };
		5B7C7A5014FFE1C3006F6932 /* SBJsonParser.m in Sources */ = {isa = PBXBuildFile; fileRef = 5B7C7A3814FFE1C3006F6932 /* SBJsonParser.m */; };
		5B7C7A5114FFE1C3006F6932 /* SBJsonStreamParser.m in Sources */ = {isa = PBXBuildFile; fileRef = 5B7C7A3A14FFE1C3006F6932 /* SBJsonStreamParser.m */; };
		5B7C7A5214FFE1C3006F6932 /* SBJsonStreamParser.m in Sources */ = {isa = PBXBuildFile; fileRef = 5B7C7A3A14FFE1C3006F6932 /* SBJsonStreamParser.m */; };
		5B7C7A5314FFE1C3006F6932 /* SBJsonStreamParserAccumulator.m in Sources */ = {isa = PBXBuildFile; fileRef = 5B7C7A3C14FFE1C3006F6932 /* SBJsonStreamParserAccumulator.m */; };
		5B7C7A5414FFE1C3006F6932 /* SBJsonStreamParserAccumulator.m in Sources */ = {isa = PBXBuildFile; fileRef = 5B7C7A3C14FFE1C3006F6932 /* SBJsonStreamParserAccumulator.m */; };
		5B7C7A5514FFE1C3006F6932 /* SBJsonStreamParserAdapter.m in Sources */ = {isa = PBXBuildFile; fileRef = 5B7C7A3E14FFE1C3006F6932 /* SBJsonStreamParserAdapter.m */; };
		5B7C7A5614FFE1C3006F6932 /* SBJsonStreamParserAdapter.m in Sources */ = {isa = PBXBuildFile; fileRef = 5B7C7A3E14FFE1C3006F6932 /* SBJsonStreamParserAdapter.m */; };
		5B7C7A5714FFE1C3006F6932 /* SBJsonStreamParserState.m in Sources */ = {isa = PBXBuildFile; fileRef = 5B7C7A4014FFE1C3006F6932 /* SBJsonStreamParserState.m */; };
		5B7C7A5814FFE1C3006F6932 /* SBJsonStreamParserState.m in Sources */ = {isa = PBXBuildFile; fileRef = 5B7C7A4014FFE1C3006F6932 /* SBJsonStreamParserState.m */; };
		5B7C7A5914FFE1C3006F6932 /* SBJsonStreamWriter.m in Sources */ = {isa = PBXBuildFile; fileRef = 5B7C7A4214FFE1C3006F6932 /* SBJsonStreamWriter.m */; };
		5B7C7A5A14FFE1C3006F6932 /* SBJsonStreamWriter.m in Sources */ = {isa = PBXBuildFile; fileRef = 5B7C7A4214FFE1C3006F6932 /* SBJsonStreamWriter.m */; };
		5B7C7A5B14FFE1C3006F6932 /* SBJsonStreamWriterAccumulator.m in Sources */ = {isa = PBXBuildFile; fileRef = 5B7C7A4414FFE1C3006F6932 /* SBJsonStreamWriterAccumulator.m */; };
		5B7C7A5C14FFE1C3006F6932 /* SBJsonStreamWriterAccumulator.m in Sources */ = {isa = PBXBuildFile; fileRef = 5B7C7A4414FFE1C3006F6932 /* SBJsonStreamWriterAccumulator.m */; };
		5B7C7A5D14FFE1C3006F6932 /* SBJsonStreamWriterState.m in Sources */ = {isa = PBXBuildFile; fileRef = 5B7C7A4614FFE1C3006F6932 /* SBJsonStreamWriterState.m */; };
		5B7C7A5E14FFE1C3006F6932 /* SBJsonStreamWriterState.m in Sources */ = {isa = PBXBuildFile; fileRef = 5B7C7A4614FFE1C3006F6932 /* SBJsonStreamWriterState.m */; };
		5B7C7A5F14FFE1C3006F6932 /* SBJsonTokeniser.m in Sources */ = {isa = PBXBuildFile; fileRef = 5B7C7A4814FFE1C3006F6932 /* SBJsonTokeniser.m */; };
		5B7C7A6014FFE1C3006F6932 /* SBJsonTokeniser.m in Sources */ = {isa = PBXBuildFile; fileRef = 5B7C7A4814FFE1C3006F6932 /* SBJsonTokeniser.m */; };
		5B7C7A6114FFE1C3006F6932 /* SBJsonUTF8Stream.m in Sources */ = {isa = PBXBuildFile; fileRef = 5B7C7A4A14FFE1C3006F6932 /* SBJsonUTF8Stream.m */; };
		5B7C7A6214FFE1C3006F6932 /* SBJsonUTF8Stream.m in Sources */ = {isa = PBXBuildFile; fileRef = 5B7C7A4A14FFE1C3006F6932 /* SBJsonUTF8Stream.m */; };
		5B7C7A6314FFE1C3006F6932 /* SBJsonWriter.m in Sources */ = {isa = PBXBuildFile; fileRef = 5B7C7A4C14FFE1C3006F6932 /* SBJsonWriter.m */; };
		5B7C7A6414FFE1C3006F6932 /* SBJsonWriter.m in Sources */ = {isa = PBXBuildFile; fileRef = 5B7C7A4C14FFE1C3006F6932 /* SBJsonWriter.m */; };
		5B7C7A6514FFE22A006F6932 /* TFHpple.m in Sources */ = {isa = PBXBuildFile; fileRef = 5B3F159C14FB47CA00411B0C /* TFHpple.m */; };
		5B7C7A6614FFE22A006F6932 /* TFHppleElement.m in Sources */ = {isa = PBXBuildFile; fileRef = 5B3F159E14FB47CA00411B0C /* TFHppleElement.m */; };
		5B7C7A6714FFE22A006F6932 /* XPathQuery.m in Sources */ = {isa = PBXBuildFile; fileRef = 5B3F15A014FB47CA00411B0C /* XPathQuery.m */; };
		5B85EBDE14F92D3700032B9C /* Foundation.framework in Frameworks */ = {isa = PBXBuildFile; fileRef = 5B56540B147307B600FD2D25 /* Foundation.framework */; };
		5B85EBEE14F92D4400032B9C /* Foundation.framework in Frameworks */ = {isa = PBXBuildFile; fileRef = 5B56540B147307B600FD2D25 /* Foundation.framework */; };
/* End PBXBuildFile section */

/* Begin PBXContainerItemProxy section */
		5B17FDCA14FA01C700272251 /* PBXContainerItemProxy */ = {
			isa = PBXContainerItemProxy;
			containerPortal = 5B5653FC147307B600FD2D25 /* Project object */;
			proxyType = 1;
			remoteGlobalIDString = 5B85EBDC14F92D3700032B9C;
			remoteInfo = RedmineKitLib;
		};
		5B17FDCD14FA032300272251 /* PBXContainerItemProxy */ = {
			isa = PBXContainerItemProxy;
			containerPortal = 5B5653FC147307B600FD2D25 /* Project object */;
			proxyType = 1;
			remoteGlobalIDString = 5B85EBEC14F92D4400032B9C;
			remoteInfo = "RedmineKitLib-iphoneos";
		};
		5B565425147307B600FD2D25 /* PBXContainerItemProxy */ = {
			isa = PBXContainerItemProxy;
			containerPortal = 5B5653FC147307B600FD2D25 /* Project object */;
			proxyType = 1;
			remoteGlobalIDString = 5B565404147307B600FD2D25;
			remoteInfo = RedmineKit;
		};
/* End PBXContainerItemProxy section */

/* Begin PBXCopyFilesBuildPhase section */
		5B3F162C14FB4F0D00411B0C /* CopyFiles */ = {
			isa = PBXCopyFilesBuildPhase;
			buildActionMask = 2147483647;
			dstPath = "";
			dstSubfolderSpec = 7;
			files = (
				5B3F162D14FB4F2E00411B0C /* RedmineKit.h in CopyFiles */,
				5B3F162E14FB4F2E00411B0C /* RKIssue.h in CopyFiles */,
				5B3F162F14FB4F2E00411B0C /* RKIssueOptions.h in CopyFiles */,
				5B3F163014FB4F2E00411B0C /* RKJournal.h in CopyFiles */,
				5B3F163114FB4F2E00411B0C /* RKJournalDetail.h in CopyFiles */,
				5B3F163214FB4F2E00411B0C /* RKParseHelper.h in CopyFiles */,
				5B3F163314FB4F2E00411B0C /* RKProject.h in CopyFiles */,
				5B3F163414FB4F2E00411B0C /* RKRedmine.h in CopyFiles */,
				5B3F163514FB4F2E00411B0C /* RKTimeEntry.h in CopyFiles */,
				5B3F163614FB4F2E00411B0C /* RKValue.h in CopyFiles */,
			);
			runOnlyForDeploymentPostprocessing = 0;
		};
/* End PBXCopyFilesBuildPhase section */

/* Begin PBXFileReference section */
		5B3F155914FB479C00411B0C /* RedmineKit.h */ = {isa = PBXFileReference; fileEncoding = 4; lastKnownFileType = sourcecode.c.h; name = RedmineKit.h; path = RedmineKit/RedmineKit.h; sourceTree = "<group>"; };
		5B3F155A14FB479C00411B0C /* RKIssue.h */ = {isa = PBXFileReference; fileEncoding = 4; lastKnownFileType = sourcecode.c.h; name = RKIssue.h; path = RedmineKit/RKIssue.h; sourceTree = "<group>"; };
		5B3F155B14FB479C00411B0C /* RKIssue.m */ = {isa = PBXFileReference; fileEncoding = 4; lastKnownFileType = sourcecode.c.objc; name = RKIssue.m; path = RedmineKit/RKIssue.m; sourceTree = "<group>"; };
		5B3F155C14FB479C00411B0C /* RKIssueOptions.h */ = {isa = PBXFileReference; fileEncoding = 4; lastKnownFileType = sourcecode.c.h; name = RKIssueOptions.h; path = RedmineKit/RKIssueOptions.h; sourceTree = "<group>"; };
		5B3F155D14FB479C00411B0C /* RKIssueOptions.m */ = {isa = PBXFileReference; fileEncoding = 4; lastKnownFileType = sourcecode.c.objc; name = RKIssueOptions.m; path = RedmineKit/RKIssueOptions.m; sourceTree = "<group>"; };
		5B3F155E14FB479C00411B0C /* RKJournal.h */ = {isa = PBXFileReference; fileEncoding = 4; lastKnownFileType = sourcecode.c.h; name = RKJournal.h; path = RedmineKit/RKJournal.h; sourceTree = "<group>"; };
		5B3F155F14FB479C00411B0C /* RKJournal.m */ = {isa = PBXFileReference; fileEncoding = 4; lastKnownFileType = sourcecode.c.objc; name = RKJournal.m; path = RedmineKit/RKJournal.m; sourceTree = "<group>"; };
		5B3F156014FB479C00411B0C /* RKJournalDetail.h */ = {isa = PBXFileReference; fileEncoding = 4; lastKnownFileType = sourcecode.c.h; name = RKJournalDetail.h; path = RedmineKit/RKJournalDetail.h; sourceTree = "<group>"; };
		5B3F156114FB479C00411B0C /* RKJournalDetail.m */ = {isa = PBXFileReference; fileEncoding = 4; lastKnownFileType = sourcecode.c.objc; name = RKJournalDetail.m; path = RedmineKit/RKJournalDetail.m; sourceTree = "<group>"; };
		5B3F156214FB479C00411B0C /* RKParseHelper.h */ = {isa = PBXFileReference; fileEncoding = 4; lastKnownFileType = sourcecode.c.h; name = RKParseHelper.h; path = RedmineKit/RKParseHelper.h; sourceTree = "<group>"; };
		5B3F156314FB479C00411B0C /* RKParseHelper.m */ = {isa = PBXFileReference; fileEncoding = 4; lastKnownFileType = sourcecode.c.objc; name = RKParseHelper.m; path = RedmineKit/RKParseHelper.m; sourceTree = "<group>"; };
		5B3F156414FB479C00411B0C /* RKProject.h */ = {isa = PBXFileReference; fileEncoding = 4; lastKnownFileType = sourcecode.c.h; name = RKProject.h; path = RedmineKit/RKProject.h; sourceTree = "<group>"; };
		5B3F156514FB479C00411B0C /* RKProject.m */ = {isa = PBXFileReference; fileEncoding = 4; lastKnownFileType = sourcecode.c.objc; name = RKProject.m; path = RedmineKit/RKProject.m; sourceTree = "<group>"; };
		5B3F156614FB479C00411B0C /* RKRedmine.h */ = {isa = PBXFileReference; fileEncoding = 4; lastKnownFileType = sourcecode.c.h; name = RKRedmine.h; path = RedmineKit/RKRedmine.h; sourceTree = "<group>"; };
		5B3F156714FB479C00411B0C /* RKRedmine.m */ = {isa = PBXFileReference; fileEncoding = 4; lastKnownFileType = sourcecode.c.objc; name = RKRedmine.m; path = RedmineKit/RKRedmine.m; sourceTree = "<group>"; };
		5B3F156814FB479C00411B0C /* RKTimeEntry.h */ = {isa = PBXFileReference; fileEncoding = 4; lastKnownFileType = sourcecode.c.h; name = RKTimeEntry.h; path = RedmineKit/RKTimeEntry.h; sourceTree = "<group>"; };
		5B3F156914FB479C00411B0C /* RKTimeEntry.m */ = {isa = PBXFileReference; fileEncoding = 4; lastKnownFileType = sourcecode.c.objc; name = RKTimeEntry.m; path = RedmineKit/RKTimeEntry.m; sourceTree = "<group>"; };
		5B3F156A14FB479C00411B0C /* RKValue.h */ = {isa = PBXFileReference; fileEncoding = 4; lastKnownFileType = sourcecode.c.h; name = RKValue.h; path = RedmineKit/RKValue.h; sourceTree = "<group>"; };
		5B3F156B14FB479C00411B0C /* RKValue.m */ = {isa = PBXFileReference; fileEncoding = 4; lastKnownFileType = sourcecode.c.objc; name = RKValue.m; path = RedmineKit/RKValue.m; sourceTree = "<group>"; };
		5B3F159B14FB47CA00411B0C /* TFHpple.h */ = {isa = PBXFileReference; fileEncoding = 4; lastKnownFileType = sourcecode.c.h; name = TFHpple.h; path = Dependencies/Hpple/TFHpple.h; sourceTree = "<group>"; };
		5B3F159C14FB47CA00411B0C /* TFHpple.m */ = {isa = PBXFileReference; fileEncoding = 4; lastKnownFileType = sourcecode.c.objc; name = TFHpple.m; path = Dependencies/Hpple/TFHpple.m; sourceTree = "<group>"; };
		5B3F159D14FB47CA00411B0C /* TFHppleElement.h */ = {isa = PBXFileReference; fileEncoding = 4; lastKnownFileType = sourcecode.c.h; name = TFHppleElement.h; path = Dependencies/Hpple/TFHppleElement.h; sourceTree = "<group>"; };
		5B3F159E14FB47CA00411B0C /* TFHppleElement.m */ = {isa = PBXFileReference; fileEncoding = 4; lastKnownFileType = sourcecode.c.objc; name = TFHppleElement.m; path = Dependencies/Hpple/TFHppleElement.m; sourceTree = "<group>"; };
		5B3F159F14FB47CA00411B0C /* XPathQuery.h */ = {isa = PBXFileReference; fileEncoding = 4; lastKnownFileType = sourcecode.c.h; name = XPathQuery.h; path = Dependencies/Hpple/XPathQuery.h; sourceTree = "<group>"; };
		5B3F15A014FB47CA00411B0C /* XPathQuery.m */ = {isa = PBXFileReference; fileEncoding = 4; lastKnownFileType = sourcecode.c.objc; name = XPathQuery.m; path = Dependencies/Hpple/XPathQuery.m; sourceTree = "<group>"; };
		5B565405147307B600FD2D25 /* RedmineKit.app */ = {isa = PBXFileReference; explicitFileType = wrapper.application; includeInIndex = 0; path = RedmineKit.app; sourceTree = BUILT_PRODUCTS_DIR; };
		5B565409147307B600FD2D25 /* UIKit.framework */ = {isa = PBXFileReference; lastKnownFileType = wrapper.framework; name = UIKit.framework; path = System/Library/Frameworks/UIKit.framework; sourceTree = SDKROOT; };
		5B56540B147307B600FD2D25 /* Foundation.framework */ = {isa = PBXFileReference; lastKnownFileType = wrapper.framework; name = Foundation.framework; path = System/Library/Frameworks/Foundation.framework; sourceTree = SDKROOT; };
		5B56540D147307B600FD2D25 /* CoreGraphics.framework */ = {isa = PBXFileReference; lastKnownFileType = wrapper.framework; name = CoreGraphics.framework; path = System/Library/Frameworks/CoreGraphics.framework; sourceTree = SDKROOT; };
		5B565411147307B600FD2D25 /* RedmineKit-Info.plist */ = {isa = PBXFileReference; lastKnownFileType = text.plist.xml; path = "RedmineKit-Info.plist"; sourceTree = "<group>"; };
		5B565413147307B600FD2D25 /* en */ = {isa = PBXFileReference; lastKnownFileType = text.plist.strings; name = en; path = en.lproj/InfoPlist.strings; sourceTree = "<group>"; };
		5B565415147307B600FD2D25 /* main.m */ = {isa = PBXFileReference; lastKnownFileType = sourcecode.c.objc; path = main.m; sourceTree = "<group>"; };
		5B565417147307B600FD2D25 /* RedmineKit-Prefix.pch */ = {isa = PBXFileReference; lastKnownFileType = sourcecode.c.h; path = "RedmineKit-Prefix.pch"; sourceTree = "<group>"; };
		5B565420147307B600FD2D25 /* RedmineKitTests.octest */ = {isa = PBXFileReference; explicitFileType = wrapper.cfbundle; includeInIndex = 0; path = RedmineKitTests.octest; sourceTree = BUILT_PRODUCTS_DIR; };
		5B565421147307B600FD2D25 /* SenTestingKit.framework */ = {isa = PBXFileReference; lastKnownFileType = wrapper.framework; name = SenTestingKit.framework; path = Library/Frameworks/SenTestingKit.framework; sourceTree = DEVELOPER_DIR; };
		5B565429147307B600FD2D25 /* RedmineKitTests-Info.plist */ = {isa = PBXFileReference; lastKnownFileType = text.plist.xml; path = "RedmineKitTests-Info.plist"; sourceTree = "<group>"; };
		5B56542B147307B600FD2D25 /* en */ = {isa = PBXFileReference; lastKnownFileType = text.plist.strings; name = en; path = en.lproj/InfoPlist.strings; sourceTree = "<group>"; };
		5B56542D147307B600FD2D25 /* RedmineKitTests.h */ = {isa = PBXFileReference; lastKnownFileType = sourcecode.c.h; path = RedmineKitTests.h; sourceTree = "<group>"; };
		5B56542E147307B600FD2D25 /* RedmineKitTests.m */ = {isa = PBXFileReference; lastKnownFileType = sourcecode.c.objc; path = RedmineKitTests.m; sourceTree = "<group>"; };
		5B56547714733E8500FD2D25 /* libxml2.dylib */ = {isa = PBXFileReference; lastKnownFileType = "compiled.mach-o.dylib"; name = libxml2.dylib; path = usr/lib/libxml2.dylib; sourceTree = SDKROOT; };
		5B7C7A3414FFE1C3006F6932 /* NSObject+SBJson.h */ = {isa = PBXFileReference; fileEncoding = 4; lastKnownFileType = sourcecode.c.h; path = "NSObject+SBJson.h"; sourceTree = "<group>"; };
		5B7C7A3514FFE1C3006F6932 /* NSObject+SBJson.m */ = {isa = PBXFileReference; fileEncoding = 4; lastKnownFileType = sourcecode.c.objc; path = "NSObject+SBJson.m"; sourceTree = "<group>"; };
		5B7C7A3614FFE1C3006F6932 /* SBJson.h */ = {isa = PBXFileReference; fileEncoding = 4; lastKnownFileType = sourcecode.c.h; path = SBJson.h; sourceTree = "<group>"; };
		5B7C7A3714FFE1C3006F6932 /* SBJsonParser.h */ = {isa = PBXFileReference; fileEncoding = 4; lastKnownFileType = sourcecode.c.h; path = SBJsonParser.h; sourceTree = "<group>"; };
		5B7C7A3814FFE1C3006F6932 /* SBJsonParser.m */ = {isa = PBXFileReference; fileEncoding = 4; lastKnownFileType = sourcecode.c.objc; path = SBJsonParser.m; sourceTree = "<group>"; };
		5B7C7A3914FFE1C3006F6932 /* SBJsonStreamParser.h */ = {isa = PBXFileReference; fileEncoding = 4; lastKnownFileType = sourcecode.c.h; path = SBJsonStreamParser.h; sourceTree = "<group>"; };
		5B7C7A3A14FFE1C3006F6932 /* SBJsonStreamParser.m */ = {isa = PBXFileReference; fileEncoding = 4; lastKnownFileType = sourcecode.c.objc; path = SBJsonStreamParser.m; sourceTree = "<group>"; };
		5B7C7A3B14FFE1C3006F6932 /* SBJsonStreamParserAccumulator.h */ = {isa = PBXFileReference; fileEncoding = 4; lastKnownFileType = sourcecode.c.h; path = SBJsonStreamParserAccumulator.h; sourceTree = "<group>"; };
		5B7C7A3C14FFE1C3006F6932 /* SBJsonStreamParserAccumulator.m */ = {isa = PBXFileReference; fileEncoding = 4; lastKnownFileType = sourcecode.c.objc; path = SBJsonStreamParserAccumulator.m; sourceTree = "<group>"; };
		5B7C7A3D14FFE1C3006F6932 /* SBJsonStreamParserAdapter.h */ = {isa = PBXFileReference; fileEncoding = 4; lastKnownFileType = sourcecode.c.h; path = SBJsonStreamParserAdapter.h; sourceTree = "<group>"; };
		5B7C7A3E14FFE1C3006F6932 /* SBJsonStreamParserAdapter.m */ = {isa = PBXFileReference; fileEncoding = 4; lastKnownFileType = sourcecode.c.objc; path = SBJsonStreamParserAdapter.m; sourceTree = "<group>"; };
		5B7C7A3F14FFE1C3006F6932 /* SBJsonStreamParserState.h */ = {isa = PBXFileReference; fileEncoding = 4; lastKnownFileType = sourcecode.c.h; path = SBJsonStreamParserState.h; sourceTree = "<group>"; };
		5B7C7A4014FFE1C3006F6932 /* SBJsonStreamParserState.m */ = {isa = PBXFileReference; fileEncoding = 4; lastKnownFileType = sourcecode.c.objc; path = SBJsonStreamParserState.m; sourceTree = "<group>"; };
		5B7C7A4114FFE1C3006F6932 /* SBJsonStreamWriter.h */ = {isa = PBXFileReference; fileEncoding = 4; lastKnownFileType = sourcecode.c.h; path = SBJsonStreamWriter.h; sourceTree = "<group>"; };
		5B7C7A4214FFE1C3006F6932 /* SBJsonStreamWriter.m */ = {isa = PBXFileReference; fileEncoding = 4; lastKnownFileType = sourcecode.c.objc; path = SBJsonStreamWriter.m; sourceTree = "<group>"; };
		5B7C7A4314FFE1C3006F6932 /* SBJsonStreamWriterAccumulator.h */ = {isa = PBXFileReference; fileEncoding = 4; lastKnownFileType = sourcecode.c.h; path = SBJsonStreamWriterAccumulator.h; sourceTree = "<group>"; };
		5B7C7A4414FFE1C3006F6932 /* SBJsonStreamWriterAccumulator.m */ = {isa = PBXFileReference; fileEncoding = 4; lastKnownFileType = sourcecode.c.objc; path = SBJsonStreamWriterAccumulator.m; sourceTree = "<group>"; };
		5B7C7A4514FFE1C3006F6932 /* SBJsonStreamWriterState.h */ = {isa = PBXFileReference; fileEncoding = 4; lastKnownFileType = sourcecode.c.h; path = SBJsonStreamWriterState.h; sourceTree = "<group>"; };
		5B7C7A4614FFE1C3006F6932 /* SBJsonStreamWriterState.m */ = {isa = PBXFileReference; fileEncoding = 4; lastKnownFileType = sourcecode.c.objc; path = SBJsonStreamWriterState.m; sourceTree = "<group>"; };
		5B7C7A4714FFE1C3006F6932 /* SBJsonTokeniser.h */ = {isa = PBXFileReference; fileEncoding = 4; lastKnownFileType = sourcecode.c.h; path = SBJsonTokeniser.h; sourceTree = "<group>"; };
		5B7C7A4814FFE1C3006F6932 /* SBJsonTokeniser.m */ = {isa = PBXFileReference; fileEncoding = 4; lastKnownFileType = sourcecode.c.objc; path = SBJsonTokeniser.m; sourceTree = "<group>"; };
		5B7C7A4914FFE1C3006F6932 /* SBJsonUTF8Stream.h */ = {isa = PBXFileReference; fileEncoding = 4; lastKnownFileType = sourcecode.c.h; path = SBJsonUTF8Stream.h; sourceTree = "<group>"; };
		5B7C7A4A14FFE1C3006F6932 /* SBJsonUTF8Stream.m */ = {isa = PBXFileReference; fileEncoding = 4; lastKnownFileType = sourcecode.c.objc; path = SBJsonUTF8Stream.m; sourceTree = "<group>"; };
		5B7C7A4B14FFE1C3006F6932 /* SBJsonWriter.h */ = {isa = PBXFileReference; fileEncoding = 4; lastKnownFileType = sourcecode.c.h; path = SBJsonWriter.h; sourceTree = "<group>"; };
		5B7C7A4C14FFE1C3006F6932 /* SBJsonWriter.m */ = {isa = PBXFileReference; fileEncoding = 4; lastKnownFileType = sourcecode.c.objc; path = SBJsonWriter.m; sourceTree = "<group>"; };
		5B85EBDD14F92D3700032B9C /* libRedmineKitLib.a */ = {isa = PBXFileReference; explicitFileType = archive.ar; includeInIndex = 0; path = libRedmineKitLib.a; sourceTree = BUILT_PRODUCTS_DIR; };
		5B85EBE114F92D3700032B9C /* RedmineKitLib-Prefix.pch */ = {isa = PBXFileReference; lastKnownFileType = sourcecode.c.h; path = "RedmineKitLib-Prefix.pch"; sourceTree = "<group>"; };
		5B85EBE214F92D3700032B9C /* RedmineKitLib.h */ = {isa = PBXFileReference; lastKnownFileType = sourcecode.c.h; path = RedmineKitLib.h; sourceTree = "<group>"; };
		5B85EBE314F92D3700032B9C /* RedmineKitLib.m */ = {isa = PBXFileReference; lastKnownFileType = sourcecode.c.objc; path = RedmineKitLib.m; sourceTree = "<group>"; };
		5B85EBED14F92D4400032B9C /* libRedmineKitLib-iphoneos.a */ = {isa = PBXFileReference; explicitFileType = archive.ar; includeInIndex = 0; path = "libRedmineKitLib-iphoneos.a"; sourceTree = BUILT_PRODUCTS_DIR; };
		5B85EBF114F92D4400032B9C /* RedmineKitLib-iphoneos-Prefix.pch */ = {isa = PBXFileReference; lastKnownFileType = sourcecode.c.h; path = "RedmineKitLib-iphoneos-Prefix.pch"; sourceTree = "<group>"; };
		5B85EBF214F92D4400032B9C /* RedmineKitLib_iphoneos.h */ = {isa = PBXFileReference; lastKnownFileType = sourcecode.c.h; path = RedmineKitLib_iphoneos.h; sourceTree = "<group>"; };
		5B85EBF314F92D4400032B9C /* RedmineKitLib_iphoneos.m */ = {isa = PBXFileReference; lastKnownFileType = sourcecode.c.objc; path = RedmineKitLib_iphoneos.m; sourceTree = "<group>"; };
/* End PBXFileReference section */

/* Begin PBXFrameworksBuildPhase section */
		5B565402147307B600FD2D25 /* Frameworks */ = {
			isa = PBXFrameworksBuildPhase;
			buildActionMask = 2147483647;
			files = (
				5B56547814733E8500FD2D25 /* libxml2.dylib in Frameworks */,
				5B56540A147307B600FD2D25 /* UIKit.framework in Frameworks */,
				5B56540C147307B600FD2D25 /* Foundation.framework in Frameworks */,
				5B56540E147307B600FD2D25 /* CoreGraphics.framework in Frameworks */,
			);
			runOnlyForDeploymentPostprocessing = 0;
		};
		5B56541C147307B600FD2D25 /* Frameworks */ = {
			isa = PBXFrameworksBuildPhase;
			buildActionMask = 2147483647;
			files = (
				5B565422147307B600FD2D25 /* SenTestingKit.framework in Frameworks */,
				5B565423147307B600FD2D25 /* UIKit.framework in Frameworks */,
				5B565424147307B600FD2D25 /* Foundation.framework in Frameworks */,
			);
			runOnlyForDeploymentPostprocessing = 0;
		};
		5B85EBDA14F92D3700032B9C /* Frameworks */ = {
			isa = PBXFrameworksBuildPhase;
			buildActionMask = 2147483647;
			files = (
				5B85EBDE14F92D3700032B9C /* Foundation.framework in Frameworks */,
			);
			runOnlyForDeploymentPostprocessing = 0;
		};
		5B85EBEA14F92D4400032B9C /* Frameworks */ = {
			isa = PBXFrameworksBuildPhase;
			buildActionMask = 2147483647;
			files = (
				5B85EBEE14F92D4400032B9C /* Foundation.framework in Frameworks */,
			);
			runOnlyForDeploymentPostprocessing = 0;
		};
/* End PBXFrameworksBuildPhase section */

/* Begin PBXGroup section */
		5B3F155814FB478000411B0C /* Dependencies */ = {
			isa = PBXGroup;
			children = (
				5B7C7A3314FFE1C3006F6932 /* SBJSON */,
				5B565459147330FB00FD2D25 /* Hpple */,
			);
			name = Dependencies;
			sourceTree = "<group>";
		};
		5B5653FA147307B600FD2D25 = {
			isa = PBXGroup;
			children = (
				5B56540F147307B600FD2D25 /* RedmineKit */,
				5B565427147307B600FD2D25 /* RedmineKitTests */,
				5B85EBDF14F92D3700032B9C /* RedmineKitLib */,
				5B85EBEF14F92D4400032B9C /* RedmineKitLib-iphoneos */,
				5B565408147307B600FD2D25 /* Frameworks */,
				5B565406147307B600FD2D25 /* Products */,
			);
			sourceTree = "<group>";
		};
		5B565406147307B600FD2D25 /* Products */ = {
			isa = PBXGroup;
			children = (
				5B565405147307B600FD2D25 /* RedmineKit.app */,
				5B565420147307B600FD2D25 /* RedmineKitTests.octest */,
				5B85EBDD14F92D3700032B9C /* libRedmineKitLib.a */,
				5B85EBED14F92D4400032B9C /* libRedmineKitLib-iphoneos.a */,
			);
			name = Products;
			sourceTree = "<group>";
		};
		5B565408147307B600FD2D25 /* Frameworks */ = {
			isa = PBXGroup;
			children = (
				5B56547714733E8500FD2D25 /* libxml2.dylib */,
				5B565409147307B600FD2D25 /* UIKit.framework */,
				5B56540B147307B600FD2D25 /* Foundation.framework */,
				5B56540D147307B600FD2D25 /* CoreGraphics.framework */,
				5B565421147307B600FD2D25 /* SenTestingKit.framework */,
			);
			name = Frameworks;
			sourceTree = "<group>";
		};
		5B56540F147307B600FD2D25 /* RedmineKit */ = {
			isa = PBXGroup;
			children = (
				5B3F155814FB478000411B0C /* Dependencies */,
				5B565439147307DF00FD2D25 /* RedmineKit */,
				5B565410147307B600FD2D25 /* Supporting Files */,
			);
			path = RedmineKit;
			sourceTree = "<group>";
		};
		5B565410147307B600FD2D25 /* Supporting Files */ = {
			isa = PBXGroup;
			children = (
				5B565411147307B600FD2D25 /* RedmineKit-Info.plist */,
				5B565412147307B600FD2D25 /* InfoPlist.strings */,
				5B565415147307B600FD2D25 /* main.m */,
				5B565417147307B600FD2D25 /* RedmineKit-Prefix.pch */,
			);
			name = "Supporting Files";
			sourceTree = "<group>";
		};
		5B565427147307B600FD2D25 /* RedmineKitTests */ = {
			isa = PBXGroup;
			children = (
				5B56542D147307B600FD2D25 /* RedmineKitTests.h */,
				5B56542E147307B600FD2D25 /* RedmineKitTests.m */,
				5B565428147307B600FD2D25 /* Supporting Files */,
			);
			path = RedmineKitTests;
			sourceTree = "<group>";
		};
		5B565428147307B600FD2D25 /* Supporting Files */ = {
			isa = PBXGroup;
			children = (
				5B565429147307B600FD2D25 /* RedmineKitTests-Info.plist */,
				5B56542A147307B600FD2D25 /* InfoPlist.strings */,
			);
			name = "Supporting Files";
			sourceTree = "<group>";
		};
		5B565439147307DF00FD2D25 /* RedmineKit */ = {
			isa = PBXGroup;
			children = (
				5B3F155914FB479C00411B0C /* RedmineKit.h */,
				5B3F155A14FB479C00411B0C /* RKIssue.h */,
				5B3F155B14FB479C00411B0C /* RKIssue.m */,
				5B3F155C14FB479C00411B0C /* RKIssueOptions.h */,
				5B3F155D14FB479C00411B0C /* RKIssueOptions.m */,
				5B3F155E14FB479C00411B0C /* RKJournal.h */,
				5B3F155F14FB479C00411B0C /* RKJournal.m */,
				5B3F156014FB479C00411B0C /* RKJournalDetail.h */,
				5B3F156114FB479C00411B0C /* RKJournalDetail.m */,
				5B3F156214FB479C00411B0C /* RKParseHelper.h */,
				5B3F156314FB479C00411B0C /* RKParseHelper.m */,
				5B3F156414FB479C00411B0C /* RKProject.h */,
				5B3F156514FB479C00411B0C /* RKProject.m */,
				5B3F156614FB479C00411B0C /* RKRedmine.h */,
				5B3F156714FB479C00411B0C /* RKRedmine.m */,
				5B3F156814FB479C00411B0C /* RKTimeEntry.h */,
				5B3F156914FB479C00411B0C /* RKTimeEntry.m */,
				5B3F156A14FB479C00411B0C /* RKValue.h */,
				5B3F156B14FB479C00411B0C /* RKValue.m */,
			);
			name = RedmineKit;
			sourceTree = "<group>";
		};
		5B565459147330FB00FD2D25 /* Hpple */ = {
			isa = PBXGroup;
			children = (
				5B3F159B14FB47CA00411B0C /* TFHpple.h */,
				5B3F159C14FB47CA00411B0C /* TFHpple.m */,
				5B3F159D14FB47CA00411B0C /* TFHppleElement.h */,
				5B3F159E14FB47CA00411B0C /* TFHppleElement.m */,
				5B3F159F14FB47CA00411B0C /* XPathQuery.h */,
				5B3F15A014FB47CA00411B0C /* XPathQuery.m */,
			);
			name = Hpple;
			sourceTree = "<group>";
		};
		5B7C7A3314FFE1C3006F6932 /* SBJSON */ = {
			isa = PBXGroup;
			children = (
				5B7C7A3414FFE1C3006F6932 /* NSObject+SBJson.h */,
				5B7C7A3514FFE1C3006F6932 /* NSObject+SBJson.m */,
				5B7C7A3614FFE1C3006F6932 /* SBJson.h */,
				5B7C7A3714FFE1C3006F6932 /* SBJsonParser.h */,
				5B7C7A3814FFE1C3006F6932 /* SBJsonParser.m */,
				5B7C7A3914FFE1C3006F6932 /* SBJsonStreamParser.h */,
				5B7C7A3A14FFE1C3006F6932 /* SBJsonStreamParser.m */,
				5B7C7A3B14FFE1C3006F6932 /* SBJsonStreamParserAccumulator.h */,
				5B7C7A3C14FFE1C3006F6932 /* SBJsonStreamParserAccumulator.m */,
				5B7C7A3D14FFE1C3006F6932 /* SBJsonStreamParserAdapter.h */,
				5B7C7A3E14FFE1C3006F6932 /* SBJsonStreamParserAdapter.m */,
				5B7C7A3F14FFE1C3006F6932 /* SBJsonStreamParserState.h */,
				5B7C7A4014FFE1C3006F6932 /* SBJsonStreamParserState.m */,
				5B7C7A4114FFE1C3006F6932 /* SBJsonStreamWriter.h */,
				5B7C7A4214FFE1C3006F6932 /* SBJsonStreamWriter.m */,
				5B7C7A4314FFE1C3006F6932 /* SBJsonStreamWriterAccumulator.h */,
				5B7C7A4414FFE1C3006F6932 /* SBJsonStreamWriterAccumulator.m */,
				5B7C7A4514FFE1C3006F6932 /* SBJsonStreamWriterState.h */,
				5B7C7A4614FFE1C3006F6932 /* SBJsonStreamWriterState.m */,
				5B7C7A4714FFE1C3006F6932 /* SBJsonTokeniser.h */,
				5B7C7A4814FFE1C3006F6932 /* SBJsonTokeniser.m */,
				5B7C7A4914FFE1C3006F6932 /* SBJsonUTF8Stream.h */,
				5B7C7A4A14FFE1C3006F6932 /* SBJsonUTF8Stream.m */,
				5B7C7A4B14FFE1C3006F6932 /* SBJsonWriter.h */,
				5B7C7A4C14FFE1C3006F6932 /* SBJsonWriter.m */,
			);
			path = SBJSON;
			sourceTree = "<group>";
		};
		5B85EBDF14F92D3700032B9C /* RedmineKitLib */ = {
			isa = PBXGroup;
			children = (
				5B85EBE214F92D3700032B9C /* RedmineKitLib.h */,
				5B85EBE314F92D3700032B9C /* RedmineKitLib.m */,
				5B85EBE014F92D3700032B9C /* Supporting Files */,
			);
			path = RedmineKitLib;
			sourceTree = "<group>";
		};
		5B85EBE014F92D3700032B9C /* Supporting Files */ = {
			isa = PBXGroup;
			children = (
				5B85EBE114F92D3700032B9C /* RedmineKitLib-Prefix.pch */,
			);
			name = "Supporting Files";
			sourceTree = "<group>";
		};
		5B85EBEF14F92D4400032B9C /* RedmineKitLib-iphoneos */ = {
			isa = PBXGroup;
			children = (
				5B85EBF214F92D4400032B9C /* RedmineKitLib_iphoneos.h */,
				5B85EBF314F92D4400032B9C /* RedmineKitLib_iphoneos.m */,
				5B85EBF014F92D4400032B9C /* Supporting Files */,
			);
			path = "RedmineKitLib-iphoneos";
			sourceTree = "<group>";
		};
		5B85EBF014F92D4400032B9C /* Supporting Files */ = {
			isa = PBXGroup;
			children = (
				5B85EBF114F92D4400032B9C /* RedmineKitLib-iphoneos-Prefix.pch */,
			);
			name = "Supporting Files";
			sourceTree = "<group>";
		};
/* End PBXGroup section */

/* Begin PBXHeadersBuildPhase section */
		5B85EBDB14F92D3700032B9C /* Headers */ = {
			isa = PBXHeadersBuildPhase;
			buildActionMask = 2147483647;
			files = (
				5B3F156C14FB479C00411B0C /* RedmineKit.h in Headers */,
				5B3F156E14FB479C00411B0C /* RKIssue.h in Headers */,
				5B3F157314FB479C00411B0C /* RKIssueOptions.h in Headers */,
				5B3F157814FB479C00411B0C /* RKJournal.h in Headers */,
				5B3F157D14FB479C00411B0C /* RKJournalDetail.h in Headers */,
				5B3F158214FB479C00411B0C /* RKParseHelper.h in Headers */,
				5B3F158714FB479C00411B0C /* RKProject.h in Headers */,
				5B3F158C14FB479C00411B0C /* RKRedmine.h in Headers */,
				5B3F159114FB479C00411B0C /* RKTimeEntry.h in Headers */,
				5B3F159614FB479C00411B0C /* RKValue.h in Headers */,
			);
			runOnlyForDeploymentPostprocessing = 0;
		};
		5B85EBEB14F92D4400032B9C /* Headers */ = {
			isa = PBXHeadersBuildPhase;
			buildActionMask = 2147483647;
			files = (
				5B3F156D14FB479C00411B0C /* RedmineKit.h in Headers */,
				5B3F156F14FB479C00411B0C /* RKIssue.h in Headers */,
				5B3F157414FB479C00411B0C /* RKIssueOptions.h in Headers */,
				5B3F157914FB479C00411B0C /* RKJournal.h in Headers */,
				5B3F157E14FB479C00411B0C /* RKJournalDetail.h in Headers */,
				5B3F158314FB479C00411B0C /* RKParseHelper.h in Headers */,
				5B3F158814FB479C00411B0C /* RKProject.h in Headers */,
				5B3F158D14FB479C00411B0C /* RKRedmine.h in Headers */,
				5B3F159214FB479C00411B0C /* RKTimeEntry.h in Headers */,
				5B3F159714FB479C00411B0C /* RKValue.h in Headers */,
			);
			runOnlyForDeploymentPostprocessing = 0;
		};
/* End PBXHeadersBuildPhase section */

/* Begin PBXNativeTarget section */
		5B565404147307B600FD2D25 /* RedmineKit */ = {
			isa = PBXNativeTarget;
			buildConfigurationList = 5B565432147307B600FD2D25 /* Build configuration list for PBXNativeTarget "RedmineKit" */;
			buildPhases = (
				5B565401147307B600FD2D25 /* Sources */,
				5B565402147307B600FD2D25 /* Frameworks */,
				5B565403147307B600FD2D25 /* Resources */,
			);
			buildRules = (
			);
			dependencies = (
			);
			name = RedmineKit;
			productName = RedmineKit;
			productReference = 5B565405147307B600FD2D25 /* RedmineKit.app */;
			productType = "com.apple.product-type.application";
		};
		5B56541F147307B600FD2D25 /* RedmineKitTests */ = {
			isa = PBXNativeTarget;
			buildConfigurationList = 5B565435147307B600FD2D25 /* Build configuration list for PBXNativeTarget "RedmineKitTests" */;
			buildPhases = (
				5B56541B147307B600FD2D25 /* Sources */,
				5B56541C147307B600FD2D25 /* Frameworks */,
				5B56541D147307B600FD2D25 /* Resources */,
				5B56541E147307B600FD2D25 /* ShellScript */,
			);
			buildRules = (
			);
			dependencies = (
				5B565426147307B600FD2D25 /* PBXTargetDependency */,
			);
			name = RedmineKitTests;
			productName = RedmineKitTests;
			productReference = 5B565420147307B600FD2D25 /* RedmineKitTests.octest */;
			productType = "com.apple.product-type.bundle";
		};
		5B85EBDC14F92D3700032B9C /* RedmineKitLib */ = {
			isa = PBXNativeTarget;
			buildConfigurationList = 5B85EBE714F92D3700032B9C /* Build configuration list for PBXNativeTarget "RedmineKitLib" */;
			buildPhases = (
				5B85EBD914F92D3700032B9C /* Sources */,
				5B85EBDA14F92D3700032B9C /* Frameworks */,
				5B85EBDB14F92D3700032B9C /* Headers */,
			);
			buildRules = (
			);
			dependencies = (
			);
			name = RedmineKitLib;
			productName = RedmineKitLib;
			productReference = 5B85EBDD14F92D3700032B9C /* libRedmineKitLib.a */;
			productType = "com.apple.product-type.library.static";
		};
		5B85EBEC14F92D4400032B9C /* RedmineKitLib-iphoneos */ = {
			isa = PBXNativeTarget;
			buildConfigurationList = 5B85EBF514F92D4400032B9C /* Build configuration list for PBXNativeTarget "RedmineKitLib-iphoneos" */;
			buildPhases = (
				5B85EBE914F92D4400032B9C /* Sources */,
				5B85EBEA14F92D4400032B9C /* Frameworks */,
				5B85EBEB14F92D4400032B9C /* Headers */,
			);
			buildRules = (
			);
			dependencies = (
			);
			name = "RedmineKitLib-iphoneos";
			productName = "RedmineKitLib-iphoneos";
			productReference = 5B85EBED14F92D4400032B9C /* libRedmineKitLib-iphoneos.a */;
			productType = "com.apple.product-type.library.static";
		};
/* End PBXNativeTarget section */

/* Begin PBXProject section */
		5B5653FC147307B600FD2D25 /* Project object */ = {
			isa = PBXProject;
			attributes = {
				LastUpgradeCheck = 0430;
				ORGANIZATIONNAME = Owera;
			};
			buildConfigurationList = 5B5653FF147307B600FD2D25 /* Build configuration list for PBXProject "RedmineKit" */;
			compatibilityVersion = "Xcode 3.2";
			developmentRegion = English;
			hasScannedForEncodings = 0;
			knownRegions = (
				en,
			);
			mainGroup = 5B5653FA147307B600FD2D25;
			productRefGroup = 5B565406147307B600FD2D25 /* Products */;
			projectDirPath = "";
			projectRoot = "";
			targets = (
				5B565404147307B600FD2D25 /* RedmineKit */,
				5B56541F147307B600FD2D25 /* RedmineKitTests */,
				5B85EBDC14F92D3700032B9C /* RedmineKitLib */,
				5B85EBEC14F92D4400032B9C /* RedmineKitLib-iphoneos */,
				5B85EBF814F92D5800032B9C /* RedmineKitLib-universal */,
			);
		};
/* End PBXProject section */

/* Begin PBXResourcesBuildPhase section */
		5B565403147307B600FD2D25 /* Resources */ = {
			isa = PBXResourcesBuildPhase;
			buildActionMask = 2147483647;
			files = (
				5B565414147307B600FD2D25 /* InfoPlist.strings in Resources */,
			);
			runOnlyForDeploymentPostprocessing = 0;
		};
		5B56541D147307B600FD2D25 /* Resources */ = {
			isa = PBXResourcesBuildPhase;
			buildActionMask = 2147483647;
			files = (
				5B56542C147307B600FD2D25 /* InfoPlist.strings in Resources */,
			);
			runOnlyForDeploymentPostprocessing = 0;
		};
/* End PBXResourcesBuildPhase section */

/* Begin PBXShellScriptBuildPhase section */
		5B56541E147307B600FD2D25 /* ShellScript */ = {
			isa = PBXShellScriptBuildPhase;
			buildActionMask = 2147483647;
			files = (
			);
			inputPaths = (
			);
			outputPaths = (
			);
			runOnlyForDeploymentPostprocessing = 0;
			shellPath = /bin/sh;
			shellScript = "# Run the unit tests in this test bundle.\n\"${SYSTEM_DEVELOPER_DIR}/Tools/RunUnitTests\"\n";
		};
		5B85EBFC14F92D6F00032B9C /* ShellScript */ = {
			isa = PBXShellScriptBuildPhase;
			buildActionMask = 2147483647;
			files = (
			);
			inputPaths = (
			);
			outputPaths = (
			);
			runOnlyForDeploymentPostprocessing = 0;
			shellPath = /bin/sh;
			shellScript = "rm -rf ${BUILT_PRODUCTS_DIR}/libRedmineKit.a\n\nlipo -create \"${BUILT_PRODUCTS_DIR}/../Debug-iphonesimulator/libRedmineKitLib.a\" \\\n\"${BUILT_PRODUCTS_DIR}/../Debug-iphoneos/libRedmineKitLib-iphoneos.a\" -output \\\n\"${BUILT_PRODUCTS_DIR}/libRedmineKit.a\"\n\ncp ${BUILT_PRODUCTS_DIR}/libRedmineKit.a ~/dev/projects/Redstone/Redstone/RedmineKit/\n#cp ${BUILT_PRODUCTS_DIR}/*.h ~/dev/projects/Redstone/Redstone/RedmineKit/";
		};
/* End PBXShellScriptBuildPhase section */

/* Begin PBXSourcesBuildPhase section */
		5B565401147307B600FD2D25 /* Sources */ = {
			isa = PBXSourcesBuildPhase;
			buildActionMask = 2147483647;
			files = (
				5B7C7A6514FFE22A006F6932 /* TFHpple.m in Sources */,
				5B7C7A6614FFE22A006F6932 /* TFHppleElement.m in Sources */,
				5B7C7A6714FFE22A006F6932 /* XPathQuery.m in Sources */,
				5B565416147307B600FD2D25 /* main.m in Sources */,
				5B3F157014FB479C00411B0C /* RKIssue.m in Sources */,
				5B3F157514FB479C00411B0C /* RKIssueOptions.m in Sources */,
				5B3F157A14FB479C00411B0C /* RKJournal.m in Sources */,
				5B3F157F14FB479C00411B0C /* RKJournalDetail.m in Sources */,
				5B3F158414FB479C00411B0C /* RKParseHelper.m in Sources */,
				5B3F158914FB479C00411B0C /* RKProject.m in Sources */,
				5B3F158E14FB479C00411B0C /* RKRedmine.m in Sources */,
				5B3F159314FB479C00411B0C /* RKTimeEntry.m in Sources */,
				5B3F159814FB479C00411B0C /* RKValue.m in Sources */,
				5B7C7A4D14FFE1C3006F6932 /* NSObject+SBJson.m in Sources */,
				5B7C7A4F14FFE1C3006F6932 /* SBJsonParser.m in Sources */,
				5B7C7A5114FFE1C3006F6932 /* SBJsonStreamParser.m in Sources */,
				5B7C7A5314FFE1C3006F6932 /* SBJsonStreamParserAccumulator.m in Sources */,
				5B7C7A5514FFE1C3006F6932 /* SBJsonStreamParserAdapter.m in Sources */,
				5B7C7A5714FFE1C3006F6932 /* SBJsonStreamParserState.m in Sources */,
				5B7C7A5914FFE1C3006F6932 /* SBJsonStreamWriter.m in Sources */,
				5B7C7A5B14FFE1C3006F6932 /* SBJsonStreamWriterAccumulator.m in Sources */,
				5B7C7A5D14FFE1C3006F6932 /* SBJsonStreamWriterState.m in Sources */,
				5B7C7A5F14FFE1C3006F6932 /* SBJsonTokeniser.m in Sources */,
				5B7C7A6114FFE1C3006F6932 /* SBJsonUTF8Stream.m in Sources */,
				5B7C7A6314FFE1C3006F6932 /* SBJsonWriter.m in Sources */,
			);
			runOnlyForDeploymentPostprocessing = 0;
		};
		5B56541B147307B600FD2D25 /* Sources */ = {
			isa = PBXSourcesBuildPhase;
			buildActionMask = 2147483647;
			files = (
				5B56542F147307B600FD2D25 /* RedmineKitTests.m in Sources */,
				5B7C7A4E14FFE1C3006F6932 /* NSObject+SBJson.m in Sources */,
				5B7C7A5014FFE1C3006F6932 /* SBJsonParser.m in Sources */,
				5B7C7A5214FFE1C3006F6932 /* SBJsonStreamParser.m in Sources */,
				5B7C7A5414FFE1C3006F6932 /* SBJsonStreamParserAccumulator.m in Sources */,
				5B7C7A5614FFE1C3006F6932 /* SBJsonStreamParserAdapter.m in Sources */,
				5B7C7A5814FFE1C3006F6932 /* SBJsonStreamParserState.m in Sources */,
				5B7C7A5A14FFE1C3006F6932 /* SBJsonStreamWriter.m in Sources */,
				5B7C7A5C14FFE1C3006F6932 /* SBJsonStreamWriterAccumulator.m in Sources */,
				5B7C7A5E14FFE1C3006F6932 /* SBJsonStreamWriterState.m in Sources */,
				5B7C7A6014FFE1C3006F6932 /* SBJsonTokeniser.m in Sources */,
				5B7C7A6214FFE1C3006F6932 /* SBJsonUTF8Stream.m in Sources */,
				5B7C7A6414FFE1C3006F6932 /* SBJsonWriter.m in Sources */,
			);
			runOnlyForDeploymentPostprocessing = 0;
		};
		5B85EBD914F92D3700032B9C /* Sources */ = {
			isa = PBXSourcesBuildPhase;
			buildActionMask = 2147483647;
			files = (
				5B3F157114FB479C00411B0C /* RKIssue.m in Sources */,
				5B3F157614FB479C00411B0C /* RKIssueOptions.m in Sources */,
				5B3F157B14FB479C00411B0C /* RKJournal.m in Sources */,
				5B3F158014FB479C00411B0C /* RKJournalDetail.m in Sources */,
				5B3F158514FB479C00411B0C /* RKParseHelper.m in Sources */,
				5B3F158A14FB479C00411B0C /* RKProject.m in Sources */,
				5B3F158F14FB479C00411B0C /* RKRedmine.m in Sources */,
				5B3F159414FB479C00411B0C /* RKTimeEntry.m in Sources */,
				5B3F159914FB479C00411B0C /* RKValue.m in Sources */,
			);
			runOnlyForDeploymentPostprocessing = 0;
		};
		5B85EBE914F92D4400032B9C /* Sources */ = {
			isa = PBXSourcesBuildPhase;
			buildActionMask = 2147483647;
			files = (
				5B3F157214FB479C00411B0C /* RKIssue.m in Sources */,
				5B3F157714FB479C00411B0C /* RKIssueOptions.m in Sources */,
				5B3F157C14FB479C00411B0C /* RKJournal.m in Sources */,
				5B3F158114FB479C00411B0C /* RKJournalDetail.m in Sources */,
				5B3F158614FB479C00411B0C /* RKParseHelper.m in Sources */,
				5B3F158B14FB479C00411B0C /* RKProject.m in Sources */,
				5B3F159014FB479C00411B0C /* RKRedmine.m in Sources */,
				5B3F159514FB479C00411B0C /* RKTimeEntry.m in Sources */,
				5B3F159A14FB479C00411B0C /* RKValue.m in Sources */,
			);
			runOnlyForDeploymentPostprocessing = 0;
		};
/* End PBXSourcesBuildPhase section */

/* Begin PBXTargetDependency section */
		5B17FDCB14FA01C700272251 /* PBXTargetDependency */ = {
			isa = PBXTargetDependency;
			target = 5B85EBDC14F92D3700032B9C /* RedmineKitLib */;
			targetProxy = 5B17FDCA14FA01C700272251 /* PBXContainerItemProxy */;
		};
		5B17FDCE14FA032300272251 /* PBXTargetDependency */ = {
			isa = PBXTargetDependency;
			target = 5B85EBEC14F92D4400032B9C /* RedmineKitLib-iphoneos */;
			targetProxy = 5B17FDCD14FA032300272251 /* PBXContainerItemProxy */;
		};
		5B565426147307B600FD2D25 /* PBXTargetDependency */ = {
			isa = PBXTargetDependency;
			target = 5B565404147307B600FD2D25 /* RedmineKit */;
			targetProxy = 5B565425147307B600FD2D25 /* PBXContainerItemProxy */;
		};
/* End PBXTargetDependency section */

/* Begin PBXVariantGroup section */
		5B565412147307B600FD2D25 /* InfoPlist.strings */ = {
			isa = PBXVariantGroup;
			children = (
				5B565413147307B600FD2D25 /* en */,
			);
			name = InfoPlist.strings;
			sourceTree = "<group>";
		};
		5B56542A147307B600FD2D25 /* InfoPlist.strings */ = {
			isa = PBXVariantGroup;
			children = (
				5B56542B147307B600FD2D25 /* en */,
			);
			name = InfoPlist.strings;
			sourceTree = "<group>";
		};
/* End PBXVariantGroup section */

/* Begin XCBuildConfiguration section */
		5B565430147307B600FD2D25 /* Debug */ = {
			isa = XCBuildConfiguration;
			buildSettings = {
				ALWAYS_SEARCH_USER_PATHS = NO;
				ARCHS = "$(ARCHS_STANDARD_32_BIT)";
				"CODE_SIGN_IDENTITY[sdk=iphoneos*]" = "iPhone Developer";
				COPY_PHASE_STRIP = NO;
				GCC_C_LANGUAGE_STANDARD = gnu99;
				GCC_DYNAMIC_NO_PIC = NO;
				GCC_OPTIMIZATION_LEVEL = 0;
				GCC_PREPROCESSOR_DEFINITIONS = (
					"DEBUG=1",
					"$(inherited)",
				);
				GCC_SYMBOLS_PRIVATE_EXTERN = NO;
				GCC_VERSION = com.apple.compilers.llvm.clang.1_0;
				GCC_WARN_ABOUT_MISSING_PROTOTYPES = YES;
				GCC_WARN_ABOUT_RETURN_TYPE = YES;
				GCC_WARN_UNUSED_VARIABLE = YES;
				IPHONEOS_DEPLOYMENT_TARGET = 5.0;
				SDKROOT = iphoneos;
				TARGETED_DEVICE_FAMILY = "1,2";
			};
			name = Debug;
		};
		5B565431147307B600FD2D25 /* Release */ = {
			isa = XCBuildConfiguration;
			buildSettings = {
				ALWAYS_SEARCH_USER_PATHS = NO;
				ARCHS = "$(ARCHS_STANDARD_32_BIT)";
				"CODE_SIGN_IDENTITY[sdk=iphoneos*]" = "iPhone Developer";
				COPY_PHASE_STRIP = YES;
				GCC_C_LANGUAGE_STANDARD = gnu99;
				GCC_VERSION = com.apple.compilers.llvm.clang.1_0;
				GCC_WARN_ABOUT_MISSING_PROTOTYPES = YES;
				GCC_WARN_ABOUT_RETURN_TYPE = YES;
				GCC_WARN_UNUSED_VARIABLE = YES;
				IPHONEOS_DEPLOYMENT_TARGET = 5.0;
				OTHER_CFLAGS = "-DNS_BLOCK_ASSERTIONS=1";
				SDKROOT = iphoneos;
				TARGETED_DEVICE_FAMILY = "1,2";
				VALIDATE_PRODUCT = YES;
			};
			name = Release;
		};
		5B565433147307B600FD2D25 /* Debug */ = {
			isa = XCBuildConfiguration;
			buildSettings = {
				CLANG_ENABLE_OBJC_ARC = YES;
				GCC_PRECOMPILE_PREFIX_HEADER = YES;
				GCC_PREFIX_HEADER = "RedmineKit/RedmineKit-Prefix.pch";
				HEADER_SEARCH_PATHS = "$(SDKROOT)/usr/include/libxml2";
				INFOPLIST_FILE = "RedmineKit/RedmineKit-Info.plist";
				PRODUCT_NAME = "$(TARGET_NAME)";
				WRAPPER_EXTENSION = app;
			};
			name = Debug;
		};
		5B565434147307B600FD2D25 /* Release */ = {
			isa = XCBuildConfiguration;
			buildSettings = {
				CLANG_ENABLE_OBJC_ARC = YES;
				GCC_PRECOMPILE_PREFIX_HEADER = YES;
				GCC_PREFIX_HEADER = "RedmineKit/RedmineKit-Prefix.pch";
				HEADER_SEARCH_PATHS = "$(SDKROOT)/usr/include/libxml2";
				INFOPLIST_FILE = "RedmineKit/RedmineKit-Info.plist";
				PRODUCT_NAME = "$(TARGET_NAME)";
				WRAPPER_EXTENSION = app;
			};
			name = Release;
		};
		5B565436147307B600FD2D25 /* Debug */ = {
			isa = XCBuildConfiguration;
			buildSettings = {
				BUNDLE_LOADER = "$(BUILT_PRODUCTS_DIR)/RedmineKit.app/RedmineKit";
				FRAMEWORK_SEARCH_PATHS = (
					"$(SDKROOT)/Developer/Library/Frameworks",
					"$(DEVELOPER_LIBRARY_DIR)/Frameworks",
				);
				GCC_PRECOMPILE_PREFIX_HEADER = YES;
				GCC_PREFIX_HEADER = "RedmineKit/RedmineKit-Prefix.pch";
				INFOPLIST_FILE = "RedmineKitTests/RedmineKitTests-Info.plist";
				PRODUCT_NAME = "$(TARGET_NAME)";
				TEST_HOST = "$(BUNDLE_LOADER)";
				WRAPPER_EXTENSION = octest;
			};
			name = Debug;
		};
		5B565437147307B600FD2D25 /* Release */ = {
			isa = XCBuildConfiguration;
			buildSettings = {
				BUNDLE_LOADER = "$(BUILT_PRODUCTS_DIR)/RedmineKit.app/RedmineKit";
				FRAMEWORK_SEARCH_PATHS = (
					"$(SDKROOT)/Developer/Library/Frameworks",
					"$(DEVELOPER_LIBRARY_DIR)/Frameworks",
				);
				GCC_PRECOMPILE_PREFIX_HEADER = YES;
				GCC_PREFIX_HEADER = "RedmineKit/RedmineKit-Prefix.pch";
				INFOPLIST_FILE = "RedmineKitTests/RedmineKitTests-Info.plist";
				PRODUCT_NAME = "$(TARGET_NAME)";
				TEST_HOST = "$(BUNDLE_LOADER)";
				WRAPPER_EXTENSION = octest;
			};
			name = Release;
		};
		5B85EBE514F92D3700032B9C /* Debug */ = {
			isa = XCBuildConfiguration;
			buildSettings = {
				ARCHS = i386;
				CLANG_ENABLE_OBJC_ARC = YES;
				DSTROOT = /tmp/RedmineKitLib.dst;
				GCC_PRECOMPILE_PREFIX_HEADER = YES;
				GCC_PREFIX_HEADER = "RedmineKitLib/RedmineKitLib-Prefix.pch";
				GCC_WARN_UNINITIALIZED_AUTOS = YES;
				OTHER_LDFLAGS = "-ObjC";
				PRODUCT_NAME = "$(TARGET_NAME)";
				SKIP_INSTALL = YES;
				SUPPORTED_PLATFORMS = iphonesimulator;
				VALID_ARCHS = i386;
			};
			name = Debug;
		};
		5B85EBE614F92D3700032B9C /* Release */ = {
			isa = XCBuildConfiguration;
			buildSettings = {
				ARCHS = i386;
				CLANG_ENABLE_OBJC_ARC = YES;
				DSTROOT = /tmp/RedmineKitLib.dst;
				GCC_PRECOMPILE_PREFIX_HEADER = YES;
				GCC_PREFIX_HEADER = "RedmineKitLib/RedmineKitLib-Prefix.pch";
				GCC_WARN_UNINITIALIZED_AUTOS = YES;
				OTHER_LDFLAGS = "-ObjC";
				PRODUCT_NAME = "$(TARGET_NAME)";
				SKIP_INSTALL = YES;
				SUPPORTED_PLATFORMS = iphonesimulator;
				VALID_ARCHS = i386;
			};
			name = Release;
		};
		5B85EBF614F92D4400032B9C /* Debug */ = {
			isa = XCBuildConfiguration;
			buildSettings = {
				CLANG_ENABLE_OBJC_ARC = YES;
				DSTROOT = /tmp/RedmineKitLib_iphoneos.dst;
				GCC_PRECOMPILE_PREFIX_HEADER = YES;
				GCC_PREFIX_HEADER = "RedmineKitLib-iphoneos/RedmineKitLib-iphoneos-Prefix.pch";
				GCC_WARN_UNINITIALIZED_AUTOS = YES;
				OTHER_LDFLAGS = "-ObjC";
				PRODUCT_NAME = "$(TARGET_NAME)";
				SKIP_INSTALL = YES;
				SUPPORTED_PLATFORMS = iphoneos;
			};
			name = Debug;
		};
		5B85EBF714F92D4400032B9C /* Release */ = {
			isa = XCBuildConfiguration;
			buildSettings = {
				CLANG_ENABLE_OBJC_ARC = YES;
				DSTROOT = /tmp/RedmineKitLib_iphoneos.dst;
				GCC_PRECOMPILE_PREFIX_HEADER = YES;
				GCC_PREFIX_HEADER = "RedmineKitLib-iphoneos/RedmineKitLib-iphoneos-Prefix.pch";
				GCC_WARN_UNINITIALIZED_AUTOS = YES;
				OTHER_LDFLAGS = "-ObjC";
				PRODUCT_NAME = "$(TARGET_NAME)";
				SKIP_INSTALL = YES;
				SUPPORTED_PLATFORMS = iphoneos;
			};
			name = Release;
		};
		5B85EBFA14F92D5800032B9C /* Debug */ = {
			isa = XCBuildConfiguration;
			buildSettings = {
				PRODUCT_NAME = "$(TARGET_NAME)";
			};
			name = Debug;
		};
		5B85EBFB14F92D5800032B9C /* Release */ = {
			isa = XCBuildConfiguration;
			buildSettings = {
				PRODUCT_NAME = "$(TARGET_NAME)";
			};
			name = Release;
		};
/* End XCBuildConfiguration section */

/* Begin XCConfigurationList section */
		5B5653FF147307B600FD2D25 /* Build configuration list for PBXProject "RedmineKit" */ = {
			isa = XCConfigurationList;
			buildConfigurations = (
				5B565430147307B600FD2D25 /* Debug */,
				5B565431147307B600FD2D25 /* Release */,
			);
			defaultConfigurationIsVisible = 0;
			defaultConfigurationName = Release;
		};
		5B565432147307B600FD2D25 /* Build configuration list for PBXNativeTarget "RedmineKit" */ = {
			isa = XCConfigurationList;
			buildConfigurations = (
				5B565433147307B600FD2D25 /* Debug */,
				5B565434147307B600FD2D25 /* Release */,
			);
			defaultConfigurationIsVisible = 0;
			defaultConfigurationName = Release;
		};
		5B565435147307B600FD2D25 /* Build configuration list for PBXNativeTarget "RedmineKitTests" */ = {
			isa = XCConfigurationList;
			buildConfigurations = (
				5B565436147307B600FD2D25 /* Debug */,
				5B565437147307B600FD2D25 /* Release */,
			);
			defaultConfigurationIsVisible = 0;
			defaultConfigurationName = Release;
		};
		5B85EBE714F92D3700032B9C /* Build configuration list for PBXNativeTarget "RedmineKitLib" */ = {
			isa = XCConfigurationList;
			buildConfigurations = (
				5B85EBE514F92D3700032B9C /* Debug */,
				5B85EBE614F92D3700032B9C /* Release */,
			);
			defaultConfigurationIsVisible = 0;
			defaultConfigurationName = Release;
		};
		5B85EBF514F92D4400032B9C /* Build configuration list for PBXNativeTarget "RedmineKitLib-iphoneos" */ = {
			isa = XCConfigurationList;
			buildConfigurations = (
				5B85EBF614F92D4400032B9C /* Debug */,
				5B85EBF714F92D4400032B9C /* Release */,
			);
			defaultConfigurationIsVisible = 0;
			defaultConfigurationName = Release;
		};
		5B85EBF914F92D5800032B9C /* Build configuration list for PBXAggregateTarget "RedmineKitLib-universal" */ = {
			isa = XCConfigurationList;
			buildConfigurations = (
				5B85EBFA14F92D5800032B9C /* Debug */,
				5B85EBFB14F92D5800032B9C /* Release */,
			);
			defaultConfigurationIsVisible = 0;
			defaultConfigurationName = Release;
		};
/* End XCConfigurationList section */
	};
	rootObject = 5B5653FC147307B600FD2D25 /* Project object */;
}
